
Microsoft Visual Studio Solution File, Format Version 12.00
# Visual Studio Version 17
VisualStudioVersion = 17.6.33717.318
MinimumVisualStudioVersion = 10.0.40219.1
Project("{FAE04EC0-301F-11D3-BF4B-00C04F79EFBC}") = "ASP Demo", "ASP Demo\ASP Demo.csproj", "{FE65963A-D4A3-40D3-83C5-EA82E8306FCC}"
EndProject
Global
	GlobalSection(SolutionConfigurationPlatforms) = preSolution
		Debug|Any CPU = Debug|Any CPU
		Release|Any CPU = Release|Any CPU
	EndGlobalSection
	GlobalSection(ProjectConfigurationPlatforms) = postSolution
		{FE65963A-D4A3-40D3-83C5-EA82E8306FCC}.Debug|Any CPU.ActiveCfg = Debug|Any CPU
		{FE65963A-D4A3-40D3-83C5-EA82E8306FCC}.Debug|Any CPU.Build.0 = Debug|Any CPU
		{FE65963A-D4A3-40D3-83C5-EA82E8306FCC}.Release|Any CPU.ActiveCfg = Release|Any CPU
		{FE65963A-D4A3-40D3-83C5-EA82E8306FCC}.Release|Any CPU.Build.0 = Release|Any CPU
	EndGlobalSection
	GlobalSection(SolutionProperties) = preSolution
		HideSolutionNode = FALSE
	EndGlobalSection
	GlobalSection(ExtensibilityGlobals) = postSolution
		SolutionGuid = {A3082341-AAC6-4537-8AED-102EDA91B408}
	EndGlobalSection
EndGlobal
